// !$*UTF8*$!
{
	archiveVersion = 1;
	classes = {
	};
	objectVersion = 77;
	objects = {

/* Begin PBXBuildFile section */
		DC7581C12F58B1E9001F7DC0 /* .gitignore in Resources */ = {isa = PBXBuildFile; fileRef = DC7581C02F58B1E9001F7DC0 /* .gitignore */; };
/* End PBXBuildFile section */

/* Begin PBXContainerItemProxy section */
		DC6FA3D62F4C7C8500DCEE26 /* PBXContainerItemProxy */ = {
			isa = PBXContainerItemProxy;
			containerPortal = DC6FA3BE2F4C7C8400DCEE26 /* Project object */;
			proxyType = 1;
			remoteGlobalIDString = DC6FA3C52F4C7C8400DCEE26;
			remoteInfo = "Daily micro-Journal";
		};
		DC6FA3E02F4C7C8500DCEE26 /* PBXContainerItemProxy */ = {
			isa = PBXContainerItemProxy;
			containerPortal = DC6FA3BE2F4C7C8400DCEE26 /* Project object */;
			proxyType = 1;
			remoteGlobalIDString = DC6FA3C52F4C7C8400DCEE26;
			remoteInfo = "Daily micro-Journal";
		};
/* End PBXContainerItemProxy section */

/* Begin PBXFileReference section */
		DC6FA3C62F4C7C8400DCEE26 /* OneLine.app */ = {isa = PBXFileReference; explicitFileType = wrapper.application; includeInIndex = 0; path = OneLine.app; sourceTree = BUILT_PRODUCTS_DIR; };
		DC6FA3D52F4C7C8500DCEE26 /* OneLineTests.xctest */ = {isa = PBXFileReference; explicitFileType = wrapper.cfbundle; includeInIndex = 0; path = OneLineTests.xctest; sourceTree = BUILT_PRODUCTS_DIR; };
		DC6FA3DF2F4C7C8500DCEE26 /* OneLineUITests.xctest */ = {isa = PBXFileReference; explicitFileType = wrapper.cfbundle; includeInIndex = 0; path = OneLineUITests.xctest; sourceTree = BUILT_PRODUCTS_DIR; };
		DC7581C02F58B1E9001F7DC0 /* .gitignore */ = {isa = PBXFileReference; lastKnownFileType = text; path = .gitignore; sourceTree = "<group>"; };
/* End PBXFileReference section */

/* Begin PBXFileSystemSynchronizedRootGroup section */
		DC6FA3C82F4C7C8400DCEE26 /* App */ = {
			isa = PBXFileSystemSynchronizedRootGroup;
			path = App;
			sourceTree = "<group>";
		};
		DC6FA3D82F4C7C8500DCEE26 /* OneLineTests */ = {
			isa = PBXFileSystemSynchronizedRootGroup;
			path = OneLineTests;
			sourceTree = "<group>";
		};
		DC6FA3E22F4C7C8500DCEE26 /* OneLineUITests */ = {
			isa = PBXFileSystemSynchronizedRootGroup;
			path = OneLineUITests;
			sourceTree = "<group>";
		};
		DC6FA4182F4DA39500DCEE26 /* Presentation */ = {
			isa = PBXFileSystemSynchronizedRootGroup;
			path = Presentation;
			sourceTree = "<group>";
		};
		DC6FA41B2F4DA3AB00DCEE26 /* Domain */ = {
			isa = PBXFileSystemSynchronizedRootGroup;
			path = Domain;
			sourceTree = "<group>";
		};
		DC6FA4202F4DA3D900DCEE26 /* DesignSystem */ = {
			isa = PBXFileSystemSynchronizedRootGroup;
			path = DesignSystem;
			sourceTree = "<group>";
		};
		DC6FA4212F4DA63E00DCEE26 /* Data */ = {
			isa = PBXFileSystemSynchronizedRootGroup;
			path = Data;
			sourceTree = "<group>";
		};
		DC6FA4502F4EF4AB00DCEE26 /* Resources */ = {
			isa = PBXFileSystemSynchronizedRootGroup;
			path = Resources;
			sourceTree = "<group>";
		};
/* End PBXFileSystemSynchronizedRootGroup section */

/* Begin PBXFrameworksBuildPhase section */
		DC6FA3C32F4C7C8400DCEE26 /* Frameworks */ = {
			isa = PBXFrameworksBuildPhase;
			buildActionMask = 2147483647;
			files = (
			);
			runOnlyForDeploymentPostprocessing = 0;
		};
		DC6FA3D22F4C7C8500DCEE26 /* Frameworks */ = {
			isa = PBXFrameworksBuildPhase;
			buildActionMask = 2147483647;
			files = (
			);
			runOnlyForDeploymentPostprocessing = 0;
		};
		DC6FA3DC2F4C7C8500DCEE26 /* Frameworks */ = {
			isa = PBXFrameworksBuildPhase;
			buildActionMask = 2147483647;
			files = (
			);
			runOnlyForDeploymentPostprocessing = 0;
		};
/* End PBXFrameworksBuildPhase section */

/* Begin PBXGroup section */
		DC6FA3BD2F4C7C8400DCEE26 = {
			isa = PBXGroup;
			children = (
				DC7581C02F58B1E9001F7DC0 /* .gitignore */,
				DC6FA4502F4EF4AB00DCEE26 /* Resources */,
				DC6FA3C82F4C7C8400DCEE26 /* App */,
				DC6FA41B2F4DA3AB00DCEE26 /* Domain */,
				DC6FA4212F4DA63E00DCEE26 /* Data */,
				DC6FA4182F4DA39500DCEE26 /* Presentation */,
				DC6FA4202F4DA3D900DCEE26 /* DesignSystem */,
				DC6FA3D82F4C7C8500DCEE26 /* OneLineTests */,
				DC6FA3E22F4C7C8500DCEE26 /* OneLineUITests */,
				DC6FA3C72F4C7C8400DCEE26 /* Products */,
			);
			sourceTree = "<group>";
		};
		DC6FA3C72F4C7C8400DCEE26 /* Products */ = {
			isa = PBXGroup;
			children = (
				DC6FA3C62F4C7C8400DCEE26 /* OneLine.app */,
				DC6FA3D52F4C7C8500DCEE26 /* OneLineTests.xctest */,
				DC6FA3DF2F4C7C8500DCEE26 /* OneLineUITests.xctest */,
			);
			name = Products;
			sourceTree = "<group>";
		};
/* End PBXGroup section */

/* Begin PBXNativeTarget section */
		DC6FA3C52F4C7C8400DCEE26 /* OneLine */ = {
			isa = PBXNativeTarget;
			buildConfigurationList = DC6FA3E92F4C7C8500DCEE26 /* Build configuration list for PBXNativeTarget "OneLine" */;
			buildPhases = (
				DC6FA3C22F4C7C8400DCEE26 /* Sources */,
				DC6FA3C32F4C7C8400DCEE26 /* Frameworks */,
				DC6FA3C42F4C7C8400DCEE26 /* Resources */,
			);
			buildRules = (
			);
			dependencies = (
			);
			fileSystemSynchronizedGroups = (
				DC6FA3C82F4C7C8400DCEE26 /* App */,
				DC6FA4182F4DA39500DCEE26 /* Presentation */,
				DC6FA41B2F4DA3AB00DCEE26 /* Domain */,
				DC6FA4202F4DA3D900DCEE26 /* DesignSystem */,
				DC6FA4212F4DA63E00DCEE26 /* Data */,
				DC6FA4502F4EF4AB00DCEE26 /* Resources */,
			);
			name = OneLine;
			packageProductDependencies = (
			);
			productName = "Daily micro-Journal";
			productReference = DC6FA3C62F4C7C8400DCEE26 /* OneLine.app */;
			productType = "com.apple.product-type.application";
		};
		DC6FA3D42F4C7C8500DCEE26 /* OneLineTests */ = {
			isa = PBXNativeTarget;
			buildConfigurationList = DC6FA3EC2F4C7C8500DCEE26 /* Build configuration list for PBXNativeTarget "OneLineTests" */;
			buildPhases = (
				DC6FA3D12F4C7C8500DCEE26 /* Sources */,
				DC6FA3D22F4C7C8500DCEE26 /* Frameworks */,
				DC6FA3D32F4C7C8500DCEE26 /* Resources */,
			);
			buildRules = (
			);
			dependencies = (
				DC6FA3D72F4C7C8500DCEE26 /* PBXTargetDependency */,
			);
			fileSystemSynchronizedGroups = (
				DC6FA3D82F4C7C8500DCEE26 /* OneLineTests */,
			);
			name = OneLineTests;
			packageProductDependencies = (
			);
			productName = "Daily micro-JournalTests";
			productReference = DC6FA3D52F4C7C8500DCEE26 /* OneLineTests.xctest */;
			productType = "com.apple.product-type.bundle.unit-test";
		};
		DC6FA3DE2F4C7C8500DCEE26 /* OneLineUITests */ = {
			isa = PBXNativeTarget;
			buildConfigurationList = DC6FA3EF2F4C7C8500DCEE26 /* Build configuration list for PBXNativeTarget "OneLineUITests" */;
			buildPhases = (
				DC6FA3DB2F4C7C8500DCEE26 /* Sources */,
				DC6FA3DC2F4C7C8500DCEE26 /* Frameworks */,
				DC6FA3DD2F4C7C8500DCEE26 /* Resources */,
			);
			buildRules = (
			);
			dependencies = (
				DC6FA3E12F4C7C8500DCEE26 /* PBXTargetDependency */,
			);
			fileSystemSynchronizedGroups = (
				DC6FA3E22F4C7C8500DCEE26 /* OneLineUITests */,
			);
			name = OneLineUITests;
			packageProductDependencies = (
			);
			productName = "Daily micro-JournalUITests";
			productReference = DC6FA3DF2F4C7C8500DCEE26 /* OneLineUITests.xctest */;
			productType = "com.apple.product-type.bundle.ui-testing";
		};
/* End PBXNativeTarget section */

/* Begin PBXProject section */
		DC6FA3BE2F4C7C8400DCEE26 /* Project object */ = {
			isa = PBXProject;
			attributes = {
				BuildIndependentTargetsInParallel = 1;
				LastSwiftUpdateCheck = 2620;
				LastUpgradeCheck = 2620;
				TargetAttributes = {
					DC6FA3C52F4C7C8400DCEE26 = {
						CreatedOnToolsVersion = 26.2;
					};
					DC6FA3D42F4C7C8500DCEE26 = {
						CreatedOnToolsVersion = 26.2;
						TestTargetID = DC6FA3C52F4C7C8400DCEE26;
					};
					DC6FA3DE2F4C7C8500DCEE26 = {
						CreatedOnToolsVersion = 26.2;
						TestTargetID = DC6FA3C52F4C7C8400DCEE26;
					};
				};
			};
			buildConfigurationList = DC6FA3C12F4C7C8400DCEE26 /* Build configuration list for PBXProject "OneLine" */;
			developmentRegion = en;
			hasScannedForEncodings = 0;
			knownRegions = (
				en,
				Base,
				es,
			);
			mainGroup = DC6FA3BD2F4C7C8400DCEE26;
			minimizedProjectReferenceProxies = 1;
			preferredProjectObjectVersion = 77;
			productRefGroup = DC6FA3C72F4C7C8400DCEE26 /* Products */;
			projectDirPath = "";
			projectRoot = "";
			targets = (
				DC6FA3C52F4C7C8400DCEE26 /* OneLine */,
				DC6FA3D42F4C7C8500DCEE26 /* OneLineTests */,
				DC6FA3DE2F4C7C8500DCEE26 /* OneLineUITests */,
			);
		};
/* End PBXProject section */

/* Begin PBXResourcesBuildPhase section */
		DC6FA3C42F4C7C8400DCEE26 /* Resources */ = {
			isa = PBXResourcesBuildPhase;
			buildActionMask = 2147483647;
			files = (
				DC7581C12F58B1E9001F7DC0 /* .gitignore in Resources */,
			);
			runOnlyForDeploymentPostprocessing = 0;
		};
		DC6FA3D32F4C7C8500DCEE26 /* Resources */ = {
			isa = PBXResourcesBuildPhase;
			buildActionMask = 2147483647;
			files = (
			);
			runOnlyForDeploymentPostprocessing = 0;
		};
		DC6FA3DD2F4C7C8500DCEE26 /* Resources */ = {
			isa = PBXResourcesBuildPhase;
			buildActionMask = 2147483647;
			files = (
			);
			runOnlyForDeploymentPostprocessing = 0;
		};
/* End PBXResourcesBuildPhase section */

/* Begin PBXSourcesBuildPhase section */
		DC6FA3C22F4C7C8400DCEE26 /* Sources */ = {
			isa = PBXSourcesBuildPhase;
			buildActionMask = 2147483647;
			files = (
			);
			runOnlyForDeploymentPostprocessing = 0;
		};
		DC6FA3D12F4C7C8500DCEE26 /* Sources */ = {
			isa = PBXSourcesBuildPhase;
			buildActionMask = 2147483647;
			files = (
			);
			runOnlyForDeploymentPostprocessing = 0;
		};
		DC6FA3DB2F4C7C8500DCEE26 /* Sources */ = {
			isa = PBXSourcesBuildPhase;
			buildActionMask = 2147483647;
			files = (
			);
			runOnlyForDeploymentPostprocessing = 0;
		};
/* End PBXSourcesBuildPhase section */

/* Begin PBXTargetDependency section */
		DC6FA3D72F4C7C8500DCEE26 /* PBXTargetDependency */ = {
			isa = PBXTargetDependency;
			target = DC6FA3C52F4C7C8400DCEE26 /* OneLine */;
			targetProxy = DC6FA3D62F4C7C8500DCEE26 /* PBXContainerItemProxy */;
		};
		DC6FA3E12F4C7C8500DCEE26 /* PBXTargetDependency */ = {
			isa = PBXTargetDependency;
			target = DC6FA3C52F4C7C8400DCEE26 /* OneLine */;
			targetProxy = DC6FA3E02F4C7C8500DCEE26 /* PBXContainerItemProxy */;
		};
/* End PBXTargetDependency section */

/* Begin XCBuildConfiguration section */
		DC6FA3E72F4C7C8500DCEE26 /* Debug */ = {
			isa = XCBuildConfiguration;
			buildSettings = {
				ALWAYS_SEARCH_USER_PATHS = NO;
				ASSETCATALOG_COMPILER_GENERATE_SWIFT_ASSET_SYMBOL_EXTENSIONS = YES;
				CLANG_ANALYZER_NONNULL = YES;
				CLANG_ANALYZER_NUMBER_OBJECT_CONVERSION = YES_AGGRESSIVE;
				CLANG_CXX_LANGUAGE_STANDARD = "gnu++20";
				CLANG_ENABLE_MODULES = YES;
				CLANG_ENABLE_OBJC_ARC = YES;
				CLANG_ENABLE_OBJC_WEAK = YES;
				CLANG_WARN_BLOCK_CAPTURE_AUTORELEASING = YES;
				CLANG_WARN_BOOL_CONVERSION = YES;
				CLANG_WARN_COMMA = YES;
				CLANG_WARN_CONSTANT_CONVERSION = YES;
				CLANG_WARN_DEPRECATED_OBJC_IMPLEMENTATIONS = YES;
				CLANG_WARN_DIRECT_OBJC_ISA_USAGE = YES_ERROR;
				CLANG_WARN_DOCUMENTATION_COMMENTS = YES;
				CLANG_WARN_EMPTY_BODY = YES;
				CLANG_WARN_ENUM_CONVERSION = YES;
				CLANG_WARN_INFINITE_RECURSION = YES;
				CLANG_WARN_INT_CONVERSION = YES;
				CLANG_WARN_NON_LITERAL_NULL_CONVERSION = YES;
				CLANG_WARN_OBJC_IMPLICIT_RETAIN_SELF = YES;
				CLANG_WARN_OBJC_LITERAL_CONVERSION = YES;
				CLANG_WARN_OBJC_ROOT_CLASS = YES_ERROR;
				CLANG_WARN_QUOTED_INCLUDE_IN_FRAMEWORK_HEADER = YES;
				CLANG_WARN_RANGE_LOOP_ANALYSIS = YES;
				CLANG_WARN_STRICT_PROTOTYPES = YES;
				CLANG_WARN_SUSPICIOUS_MOVE = YES;
				CLANG_WARN_UNGUARDED_AVAILABILITY = YES_AGGRESSIVE;
				CLANG_WARN_UNREACHABLE_CODE = YES;
				CLANG_WARN__DUPLICATE_METHOD_MATCH = YES;
				COPY_PHASE_STRIP = NO;
				DEBUG_INFORMATION_FORMAT = dwarf;
				ENABLE_STRICT_OBJC_MSGSEND = YES;
				ENABLE_TESTABILITY = YES;
				ENABLE_USER_SCRIPT_SANDBOXING = YES;
				GCC_C_LANGUAGE_STANDARD = gnu17;
				GCC_DYNAMIC_NO_PIC = NO;
				GCC_NO_COMMON_BLOCKS = YES;
				GCC_OPTIMIZATION_LEVEL = 0;
				GCC_PREPROCESSOR_DEFINITIONS = (
					"DEBUG=1",
					"$(inherited)",
				);
				GCC_WARN_64_TO_32_BIT_CONVERSION = YES;
				GCC_WARN_ABOUT_RETURN_TYPE = YES_ERROR;
				GCC_WARN_UNDECLARED_SELECTOR = YES;
				GCC_WARN_UNINITIALIZED_AUTOS = YES_AGGRESSIVE;
				GCC_WARN_UNUSED_FUNCTION = YES;
				GCC_WARN_UNUSED_VARIABLE = YES;
				IPHONEOS_DEPLOYMENT_TARGET = 26.2;
				LOCALIZATION_PREFERS_STRING_CATALOGS = YES;
				MTL_ENABLE_DEBUG_INFO = INCLUDE_SOURCE;
				MTL_FAST_MATH = YES;
				ONLY_ACTIVE_ARCH = YES;
				SDKROOT = iphoneos;
				SWIFT_ACTIVE_COMPILATION_CONDITIONS = "DEBUG $(inherited)";
				SWIFT_EMIT_LOC_STRINGS = YES;
				SWIFT_OPTIMIZATION_LEVEL = "-Onone";
			};
			name = Debug;
		};
		DC6FA3E82F4C7C8500DCEE26 /* Release */ = {
			isa = XCBuildConfiguration;
			buildSettings = {
				ALWAYS_SEARCH_USER_PATHS = NO;
				ASSETCATALOG_COMPILER_GENERATE_SWIFT_ASSET_SYMBOL_EXTENSIONS = YES;
				CLANG_ANALYZER_NONNULL = YES;
				CLANG_ANALYZER_NUMBER_OBJECT_CONVERSION = YES_AGGRESSIVE;
				CLANG_CXX_LANGUAGE_STANDARD = "gnu++20";
				CLANG_ENABLE_MODULES = YES;
				CLANG_ENABLE_OBJC_ARC = YES;
				CLANG_ENABLE_OBJC_WEAK = YES;
				CLANG_WARN_BLOCK_CAPTURE_AUTORELEASING = YES;
				CLANG_WARN_BOOL_CONVERSION = YES;
				CLANG_WARN_COMMA = YES;
				CLANG_WARN_CONSTANT_CONVERSION = YES;
				CLANG_WARN_DEPRECATED_OBJC_IMPLEMENTATIONS = YES;
				CLANG_WARN_DIRECT_OBJC_ISA_USAGE = YES_ERROR;
				CLANG_WARN_DOCUMENTATION_COMMENTS = YES;
				CLANG_WARN_EMPTY_BODY = YES;
				CLANG_WARN_ENUM_CONVERSION = YES;
				CLANG_WARN_INFINITE_RECURSION = YES;
				CLANG_WARN_INT_CONVERSION = YES;
				CLANG_WARN_NON_LITERAL_NULL_CONVERSION = YES;
				CLANG_WARN_OBJC_IMPLICIT_RETAIN_SELF = YES;
				CLANG_WARN_OBJC_LITERAL_CONVERSION = YES;
				CLANG_WARN_OBJC_ROOT_CLASS = YES_ERROR;
				CLANG_WARN_QUOTED_INCLUDE_IN_FRAMEWORK_HEADER = YES;
				CLANG_WARN_RANGE_LOOP_ANALYSIS = YES;
				CLANG_WARN_STRICT_PROTOTYPES = YES;
				CLANG_WARN_SUSPICIOUS_MOVE = YES;
				CLANG_WARN_UNGUARDED_AVAILABILITY = YES_AGGRESSIVE;
				CLANG_WARN_UNREACHABLE_CODE = YES;
				CLANG_WARN__DUPLICATE_METHOD_MATCH = YES;
				COPY_PHASE_STRIP = NO;
				DEBUG_INFORMATION_FORMAT = "dwarf-with-dsym";
				ENABLE_NS_ASSERTIONS = NO;
				ENABLE_STRICT_OBJC_MSGSEND = YES;
				ENABLE_USER_SCRIPT_SANDBOXING = YES;
				GCC_C_LANGUAGE_STANDARD = gnu17;
				GCC_NO_COMMON_BLOCKS = YES;
				GCC_WARN_64_TO_32_BIT_CONVERSION = YES;
				GCC_WARN_ABOUT_RETURN_TYPE = YES_ERROR;
				GCC_WARN_UNDECLARED_SELECTOR = YES;
				GCC_WARN_UNINITIALIZED_AUTOS = YES_AGGRESSIVE;
				GCC_WARN_UNUSED_FUNCTION = YES;
				GCC_WARN_UNUSED_VARIABLE = YES;
				IPHONEOS_DEPLOYMENT_TARGET = 26.2;
				LOCALIZATION_PREFERS_STRING_CATALOGS = YES;
				MTL_ENABLE_DEBUG_INFO = NO;
				MTL_FAST_MATH = YES;
				SDKROOT = iphoneos;
				SWIFT_COMPILATION_MODE = wholemodule;
				SWIFT_EMIT_LOC_STRINGS = YES;
				VALIDATE_PRODUCT = YES;
			};
			name = Release;
		};
		DC6FA3EA2F4C7C8500DCEE26 /* Debug */ = {
			isa = XCBuildConfiguration;
			buildSettings = {
				ASSETCATALOG_COMPILER_APPICON_NAME = AppIcon;
				ASSETCATALOG_COMPILER_GLOBAL_ACCENT_COLOR_NAME = AccentColor;
				CODE_SIGN_STYLE = Automatic;
				CURRENT_PROJECT_VERSION = 1;
				ENABLE_PREVIEWS = YES;
				GENERATE_INFOPLIST_FILE = YES;
				INFOPLIST_KEY_CFBundleDisplayName = "One Line";
				INFOPLIST_KEY_LSApplicationCategoryType = "public.app-category.entertainment";
				INFOPLIST_KEY_UIApplicationSceneManifest_Generation = YES;
				INFOPLIST_KEY_UIApplicationSupportsIndirectInputEvents = YES;
				INFOPLIST_KEY_UILaunchScreen_Generation = YES;
				INFOPLIST_KEY_UISupportedInterfaceOrientations_iPad = "UIInterfaceOrientationPortrait UIInterfaceOrientationPortraitUpsideDown UIInterfaceOrientationLandscapeLeft UIInterfaceOrientationLandscapeRight";
				INFOPLIST_KEY_UISupportedInterfaceOrientations_iPhone = "UIInterfaceOrientationPortrait UIInterfaceOrientationLandscapeLeft UIInterfaceOrientationLandscapeRight";
				LD_RUNPATH_SEARCH_PATHS = (
					"$(inherited)",
					"@executable_path/Frameworks",
				);
				MARKETING_VERSION = 1.0;
				PRODUCT_BUNDLE_IDENTIFIER = charly.oneline;
				PRODUCT_NAME = "$(TARGET_NAME)";
				STRING_CATALOG_GENERATE_SYMBOLS = YES;
				SWIFT_APPROACHABLE_CONCURRENCY = YES;
				SWIFT_DEFAULT_ACTOR_ISOLATION = MainActor;
				SWIFT_EMIT_LOC_STRINGS = YES;
				SWIFT_UPCOMING_FEATURE_MEMBER_IMPORT_VISIBILITY = YES;
				SWIFT_VERSION = 5.0;
				TARGETED_DEVICE_FAMILY = "1,2";
			};
			name = Debug;
		};
		DC6FA3EB2F4C7C8500DCEE26 /* Release */ = {
			isa = XCBuildConfiguration;
			buildSettings = {
				ASSETCATALOG_COMPILER_APPICON_NAME = AppIcon;
				ASSETCATALOG_COMPILER_GLOBAL_ACCENT_COLOR_NAME = AccentColor;
				CODE_SIGN_STYLE = Automatic;
				CURRENT_PROJECT_VERSION = 1;
				ENABLE_PREVIEWS = YES;
				GENERATE_INFOPLIST_FILE = YES;
				INFOPLIST_KEY_CFBundleDisplayName = "One Line";
				INFOPLIST_KEY_LSApplicationCategoryType = "public.app-category.entertainment";
				INFOPLIST_KEY_UIApplicationSceneManifest_Generation = YES;
				INFOPLIST_KEY_UIApplicationSupportsIndirectInputEvents = YES;
				INFOPLIST_KEY_UILaunchScreen_Generation = YES;
				INFOPLIST_KEY_UISupportedInterfaceOrientations_iPad = "UIInterfaceOrientationPortrait UIInterfaceOrientationPortraitUpsideDown UIInterfaceOrientationLandscapeLeft UIInterfaceOrientationLandscapeRight";
				INFOPLIST_KEY_UISupportedInterfaceOrientations_iPhone = "UIInterfaceOrientationPortrait UIInterfaceOrientationLandscapeLeft UIInterfaceOrientationLandscapeRight";
				LD_RUNPATH_SEARCH_PATHS = (
					"$(inherited)",
					"@executable_path/Frameworks",
				);
				MARKETING_VERSION = 1.0;
				PRODUCT_BUNDLE_IDENTIFIER = charly.oneline;
				PRODUCT_NAME = "$(TARGET_NAME)";
				STRING_CATALOG_GENERATE_SYMBOLS = YES;
				SWIFT_APPROACHABLE_CONCURRENCY = YES;
				SWIFT_DEFAULT_ACTOR_ISOLATION = MainActor;
				SWIFT_EMIT_LOC_STRINGS = YES;
				SWIFT_UPCOMING_FEATURE_MEMBER_IMPORT_VISIBILITY = YES;
				SWIFT_VERSION = 5.0;
				TARGETED_DEVICE_FAMILY = "1,2";
			};
			name = Release;
		};
		DC6FA3ED2F4C7C8500DCEE26 /* Debug */ = {
			isa = XCBuildConfiguration;
			buildSettings = {
				BUNDLE_LOADER = "$(TEST_HOST)";
				CODE_SIGN_STYLE = Automatic;
				CURRENT_PROJECT_VERSION = 1;
				GENERATE_INFOPLIST_FILE = YES;
				IPHONEOS_DEPLOYMENT_TARGET = 26.2;
				MARKETING_VERSION = 1.0;
				PRODUCT_BUNDLE_IDENTIFIER = "Charly.Daily-micro-JournalTests";
				PRODUCT_NAME = "$(TARGET_NAME)";
				STRING_CATALOG_GENERATE_SYMBOLS = NO;
				SWIFT_APPROACHABLE_CONCURRENCY = YES;
				SWIFT_EMIT_LOC_STRINGS = NO;
				SWIFT_UPCOMING_FEATURE_MEMBER_IMPORT_VISIBILITY = YES;
				SWIFT_VERSION = 5.0;
				TARGETED_DEVICE_FAMILY = "1,2";
				TEST_HOST = "$(BUILT_PRODUCTS_DIR)/OneLine.app/$(BUNDLE_EXECUTABLE_FOLDER_PATH)/OneLine";
			};
			name = Debug;
		};
		DC6FA3EE2F4C7C8500DCEE26 /* Release */ = {
			isa = XCBuildConfiguration;
			buildSettings = {
				BUNDLE_LOADER = "$(TEST_HOST)";
				CODE_SIGN_STYLE = Automatic;
				CURRENT_PROJECT_VERSION = 1;
				GENERATE_INFOPLIST_FILE = YES;
				IPHONEOS_DEPLOYMENT_TARGET = 26.2;
				MARKETING_VERSION = 1.0;
				PRODUCT_BUNDLE_IDENTIFIER = "Charly.Daily-micro-JournalTests";
				PRODUCT_NAME = "$(TARGET_NAME)";
				STRING_CATALOG_GENERATE_SYMBOLS = NO;
				SWIFT_APPROACHABLE_CONCURRENCY = YES;
				SWIFT_EMIT_LOC_STRINGS = NO;
				SWIFT_UPCOMING_FEATURE_MEMBER_IMPORT_VISIBILITY = YES;
				SWIFT_VERSION = 5.0;
				TARGETED_DEVICE_FAMILY = "1,2";
				TEST_HOST = "$(BUILT_PRODUCTS_DIR)/OneLine.app/$(BUNDLE_EXECUTABLE_FOLDER_PATH)/OneLine";
			};
			name = Release;
		};
		DC6FA3F02F4C7C8500DCEE26 /* Debug */ = {
			isa = XCBuildConfiguration;
			buildSettings = {
				CODE_SIGN_STYLE = Automatic;
				CURRENT_PROJECT_VERSION = 1;
				GENERATE_INFOPLIST_FILE = YES;
				MARKETING_VERSION = 1.0;
				PRODUCT_BUNDLE_IDENTIFIER = "Charly.Daily-micro-JournalUITests";
				PRODUCT_NAME = "$(TARGET_NAME)";
				STRING_CATALOG_GENERATE_SYMBOLS = NO;
				SWIFT_APPROACHABLE_CONCURRENCY = YES;
				SWIFT_EMIT_LOC_STRINGS = NO;
				SWIFT_UPCOMING_FEATURE_MEMBER_IMPORT_VISIBILITY = YES;
				SWIFT_VERSION = 5.0;
				TARGETED_DEVICE_FAMILY = "1,2";
				TEST_TARGET_NAME = "Daily micro-Journal";
			};
			name = Debug;
		};
		DC6FA3F12F4C7C8500DCEE26 /* Release */ = {
			isa = XCBuildConfiguration;
			buildSettings = {
				CODE_SIGN_STYLE = Automatic;
				CURRENT_PROJECT_VERSION = 1;
				GENERATE_INFOPLIST_FILE = YES;
				MARKETING_VERSION = 1.0;
				PRODUCT_BUNDLE_IDENTIFIER = "Charly.Daily-micro-JournalUITests";
				PRODUCT_NAME = "$(TARGET_NAME)";
				STRING_CATALOG_GENERATE_SYMBOLS = NO;
				SWIFT_APPROACHABLE_CONCURRENCY = YES;
				SWIFT_EMIT_LOC_STRINGS = NO;
				SWIFT_UPCOMING_FEATURE_MEMBER_IMPORT_VISIBILITY = YES;
				SWIFT_VERSION = 5.0;
				TARGETED_DEVICE_FAMILY = "1,2";
				TEST_TARGET_NAME = "Daily micro-Journal";
			};
			name = Release;
		};
/* End XCBuildConfiguration section */

/* Begin XCConfigurationList section */
		DC6FA3C12F4C7C8400DCEE26 /* Build configuration list for PBXProject "OneLine" */ = {
			isa = XCConfigurationList;
			buildConfigurations = (
				DC6FA3E72F4C7C8500DCEE26 /* Debug */,
				DC6FA3E82F4C7C8500DCEE26 /* Release */,
			);
			defaultConfigurationIsVisible = 0;
			defaultConfigurationName = Release;
		};
		DC6FA3E92F4C7C8500DCEE26 /* Build configuration list for PBXNativeTarget "OneLine" */ = {
			isa = XCConfigurationList;
			buildConfigurations = (
				DC6FA3EA2F4C7C8500DCEE26 /* Debug */,
				DC6FA3EB2F4C7C8500DCEE26 /* Release */,
			);
			defaultConfigurationIsVisible = 0;
			defaultConfigurationName = Release;
		};
		DC6FA3EC2F4C7C8500DCEE26 /* Build configuration list for PBXNativeTarget "OneLineTests" */ = {
			isa = XCConfigurationList;
			buildConfigurations = (
				DC6FA3ED2F4C7C8500DCEE26 /* Debug */,
				DC6FA3EE2F4C7C8500DCEE26 /* Release */,
			);
			defaultConfigurationIsVisible = 0;
			defaultConfigurationName = Release;
		};
		DC6FA3EF2F4C7C8500DCEE26 /* Build configuration list for PBXNativeTarget "OneLineUITests" */ = {
			isa = XCConfigurationList;
			buildConfigurations = (
				DC6FA3F02F4C7C8500DCEE26 /* Debug */,
				DC6FA3F12F4C7C8500DCEE26 /* Release */,
			);
			defaultConfigurationIsVisible = 0;
			defaultConfigurationName = Release;
		};
/* End XCConfigurationList section */
	};
	rootObject = DC6FA3BE2F4C7C8400DCEE26 /* Project object */;
}
